{
  "version": 1,
  "dependencies": {
    "net8.0": {
      "DefaultEcs": {
        "type": "Direct",
        "requested": "[0.18.0-beta01, )",
        "resolved": "0.18.0-beta01",
        "contentHash": "U9PyMOsaBMASUP5H0firyexOwJOUG/fN4Z6C4Ug6PKWfj4zdb8+gbquxmMpxdGDodzjdFQT4ucDQRGm49PMJzQ=="
      },
      "DotNet.ReproducibleBuilds": {
        "type": "Direct",
        "requested": "[1.2.25, )",
        "resolved": "1.2.25",
        "contentHash": "xCXiw7BCxHJ8pF6wPepRUddlh2dlQlbr81gXA72hdk4FLHkKXas7EH/n+fk5UCA/YfMqG1Z6XaPiUjDbUNBUzg=="
      },
      "Facebook.Yoga": {
        "type": "Direct",
        "requested": "[1.5.0-pre1, )",
        "resolved": "1.5.0-pre1",
        "contentHash": "vrQlEHwofzmocQT4Dp70xAXoPvqC0a4AGjKlvXLflMyDl75UxNHQ/98be4pHcqXEB+pgUBMjA2iTldZTD7F22A=="
      },
      "Flecs.NET.Release": {
        "type": "Direct",
        "requested": "[4.0.3, )",
        "resolved": "4.0.3",
        "contentHash": "QvXnyw6PHVT7CBYMxfc0hLB5D1wl8vSwTLqrsj3ZENpNapYczG7VglxbtcBXC+V3WdCrhvyXARPQsSpvSj02gw==",
        "dependencies": {
          "Flecs.NET.Bindings.Release": "4.0.3"
        }
      },
      "Iguina": {
        "type": "Direct",
        "requested": "[1.1.2, )",
        "resolved": "1.1.2",
        "contentHash": "bbm9nK9GUeg/MX4H0hQidwWHzWRLTWbuP2ts0rN0wsWhKyZPmGPL6scrrBDlmtCAGmG1t5gDi1fE63/mPgSHPw=="
      },
      "LDtkMonogame": {
        "type": "Direct",
        "requested": "[1.8.0, )",
        "resolved": "1.8.0",
        "contentHash": "pgn9+X11myyVYFfS2SLN8CcQEGPNJ7JICe90Ar9Wc3TqBc/uxO/s/tS79BxF4GhcT2r2d3NM3SklZ8zLKCFhzg==",
        "dependencies": {
          "MonoGame.Framework.DesktopGL": "3.8.4"
        }
      },
      "LDtkMonogame.ContentPipeline": {
        "type": "Direct",
        "requested": "[1.8.0, )",
        "resolved": "1.8.0",
        "contentHash": "ec+mlBzFJgsnGltCnjo0bYNnlCkxOVPHh6N6oFSCE8s0O0CjsVWTFk2+qaIj1MNCqvRjJ1aJRsuzP7j+NZwC0A==",
        "dependencies": {
          "LDtkMonogame": "1.8.0",
          "MonoGame.Framework.Content.Pipeline": "3.8.4",
          "MonoGame.Framework.DesktopGL": "3.8.4"
        }
      },
      "Microsoft.SourceLink.GitHub": {
        "type": "Direct",
        "requested": "[8.0.0, )",
        "resolved": "8.0.0",
        "contentHash": "G5q7OqtwIyGTkeIOAc3u2ZuV/kicQaec5EaRnc0pIeSnh9LUjj+PYQrJYBURvDt7twGl2PKA7nSN0kz1Zw5bnQ==",
        "dependencies": {
          "Microsoft.Build.Tasks.Git": "8.0.0",
          "Microsoft.SourceLink.Common": "8.0.0"
        }
      },
      "MinVer": {
        "type": "Direct",
        "requested": "[6.0.0, )",
        "resolved": "6.0.0",
        "contentHash": "+/SsmiySsXJlvQLCGBqaZKNVt3s/Y/HbAdwtop7Km2CnuZbaScoqkWJEBQ5Cy9ebkn6kCYKrHsXgwrFdTgcb3g=="
      },
      "MonoGame.Content.Builder.Task": {
        "type": "Direct",
        "requested": "[3.8.4, )",
        "resolved": "3.8.4",
        "contentHash": "Oc/tp6liQ34BkBCrdQO23JDf1Z8r11kKeL9oXSlEfUiRSQYs7C0TYaKIjhfYGjSRaV7JaFIisLDToWpnf7ztKg=="
      },
      "MonoGame.Extended.Content.Pipeline": {
        "type": "Direct",
        "requested": "[4.1.0, )",
        "resolved": "4.1.0",
        "contentHash": "dQiItd/MDhj0oNVsfzIfmyO/yN0Ww5bLdC+4lBTrguESWQhsvmAnu+Vx8R+yFkmmgD2ePevifac6IC6ZiTdgxg==",
        "dependencies": {
          "Autofac": "5.2.0",
          "MonoGame.Extended": "4.1.0"
        }
      },
      "MonoGame.Framework.Content.Pipeline": {
        "type": "Direct",
        "requested": "[3.8.4, )",
        "resolved": "3.8.4",
        "contentHash": "dtxophMFhHnlNqmY+NIIPAEwhwiQiQtNB1L+j5pwa/GT7Hs3HyoYH8Y5s18pAXfFAP4zI7k6PuqLhes/GMr3Bg==",
        "dependencies": {
          "AssimpNetter": "5.4.3.3",
          "BCnEncoder.Net": "2.1.0",
          "LibKTX": "0.9.2",
          "Microsoft.NETCore.App": "2.1.30",
          "MonoGame.Library.FreeImage": "3.18.0.3",
          "MonoGame.Library.FreeType": "2.13.2.2",
          "MonoGame.Tool.Basisu": "1.60.0.2",
          "MonoGame.Tool.Crunch": "1.0.4.4",
          "MonoGame.Tool.FFmpeg": "7.0.0.8",
          "MonoGame.Tool.FFprobe": "7.0.0.8",
          "SharpDX": "4.0.1",
          "SharpDX.D3DCompiler": "4.0.1"
        }
      },
      "MonoGame.Framework.DesktopGL": {
        "type": "Direct",
        "requested": "[3.8.4, )",
        "resolved": "3.8.4",
        "contentHash": "2WR/vPNPcmQ9h4EhMkfpUfMW0Krm6pX0ElkZwSRI1IUecPuzLeXt0i9NRwGxZBUdcNdNxACCmswrxSf4B95Obg==",
        "dependencies": {
          "MonoGame.Library.OpenAL": "1.23.1.10",
          "MonoGame.Library.SDL": "2.32.2.1",
          "NVorbis": "0.10.4"
        }
      },
      "MonoGame.ImGuiNet": {
        "type": "Direct",
        "requested": "[1.0.5, )",
        "resolved": "1.0.5",
        "contentHash": "/hDxFze2vqufg/SMFhxN23dsJqAfuc+aYfRRHikHFFU4SzgrfngfeAPmDGB6C5m5HHgrDEev8i6pFA4fx2GITQ==",
        "dependencies": {
          "ImGui.NET": "1.89.7.1"
        }
      },
      "SpriteFontPlus": {
        "type": "Direct",
        "requested": "[0.9.2, )",
        "resolved": "0.9.2",
        "contentHash": "k47yAu14Pd5tMP4Cs/c8HfBnjze0pqqoANwkyqlBT2EOJb2kVZUOeld9Gwus4v5kUDjPnxMoTnqD3tsHLPh/dA==",
        "dependencies": {
          "Cyotek.Drawing.BitmapFont": "2.0.1",
          "StbImageSharp": "2.22.4",
          "StbTrueTypeSharp": "1.24.7"
        }
      },
      "YarnSpinner": {
        "type": "Direct",
        "requested": "[3.0.2, )",
        "resolved": "3.0.2",
        "contentHash": "OMvMezo6cq98LsJXbesFNMVgj1cXCMh0o54rXtESEmxL4NT8ehqottwfULK511ubjqnn3w+UC0tSoJlORs9MYg==",
        "dependencies": {
          "Google.Protobuf": "3.25.2"
        }
      },
      "YarnSpinner.Compiler": {
        "type": "Direct",
        "requested": "[3.0.2, )",
        "resolved": "3.0.2",
        "contentHash": "972etYyp8hCyYEwRQ5533ttKyV9fNIzdvCk7hLxum4HV+WGIAyupClZl+x5qJi2iAJfIvPfw9M33zdPggCNx7g==",
        "dependencies": {
          "Antlr4.Runtime.Standard": "4.13.1",
          "CsvHelper": "12.2.2",
          "Google.Protobuf": "3.25.2",
          "Microsoft.Extensions.FileSystemGlobbing": "8.0.0",
          "System.Text.Json": "8.0.5",
          "YarnSpinner": "3.0.2"
        }
      },
      "Antlr4.Runtime.Standard": {
        "type": "Transitive",
        "resolved": "4.13.1",
        "contentHash": "Da5+i4kFHUseJRZGcBG5fmZGpA/Ns180ibrQMxgZzjpQOnENVvSL5gi5HZ8Ncz8/AR2WsKbOg2lMBzjz0HUQcA=="
      },
      "AssimpNetter": {
        "type": "Transitive",
        "resolved": "5.4.3.3",
        "contentHash": "iqCpQZVySlrU8+g/GuLoifAmdHVz6Hyb9Xx6MW62cuwezUi/ppUgFNNDZu8yIXztnP8k0AJJPHfZOZRu2zSmtg=="
      },
      "Autofac": {
        "type": "Transitive",
        "resolved": "5.2.0",
        "contentHash": "V8dBH0dsv75uDzl7Sw+HkhKDPUw2eXnlMjcSVMH+tLo2s67MpTKGyDj1pDcpR+IF2u4YRs0s3/x7R88YJzIWvg=="
      },
      "BCnEncoder.Net": {
        "type": "Transitive",
        "resolved": "2.1.0",
        "contentHash": "bBKYUDhpYenmp8vy5BVUHmS2LFym0NMga9V+S1eMJ+4zQLBwDw63Bs83AKOyqBKC2AqqgxXdTFA2a2V+SmGoIw==",
        "dependencies": {
          "Microsoft.Toolkit.HighPerformance": "7.0.2"
        }
      },
      "CsvHelper": {
        "type": "Transitive",
        "resolved": "31.0.4",
        "contentHash": "m4ikjUAn4XOD1tShxxk4ui42sHxjHdX52P7fPQ9K7tzJkPTEwiCbvEz3k73mTGSSaPTUCOp9VziQC757IqKLew=="
      },
      "Cyotek.Drawing.BitmapFont": {
        "type": "Transitive",
        "resolved": "2.0.1",
        "contentHash": "8C8Vdvf8p6RIOBNFE99ZNPWFxwV/ZT1wk11cajuL3+6/e5DBGPHe+ZjxLu2efTWQ1YvfLh4KpP2epUZ9z/WcFQ=="
      },
      "Flecs.NET.Bindings.Release": {
        "type": "Transitive",
        "resolved": "4.0.3",
        "contentHash": "ysyDbx8Tp+FNuWEmwd7Q/UbrCv8Dmm8Xpr9m/8cHPloo1rDmhQyBJ9kmk0EjH2OeSbTIpTTxmfW9FPIHJTD4AA==",
        "dependencies": {
          "Flecs.NET.Native.Release": "4.0.3"
        }
      },
      "Flecs.NET.Native.Release": {
        "type": "Transitive",
        "resolved": "4.0.3",
        "contentHash": "FwsgKLaiV/TbpqGUwuNJ8cJprGknj/37+OZPb14G3A5sN8N5gvN8h9szL/ElKj8H8e1RUzRC0XgIXDCv5OgsVA=="
      },
      "Google.Protobuf": {
        "type": "Transitive",
        "resolved": "3.25.2",
        "contentHash": "g/xIIeLhR77bl4ajGGbPYRmZf5acJlCRaSBqUnU8+2aQYREnZnv+UccRNndHof4mWO1ORS0b5i6on40VOjBpsg=="
      },
      "ImGui.NET": {
        "type": "Transitive",
        "resolved": "1.89.7.1",
        "contentHash": "e7hAn3Jq4uoiAeQMmxAu9jkdSJnGR74qO1HNVF7wwIq7g6H9tBIDWke72sHbwGOXpZtL1/S678dR5j7VbDzt9A==",
        "dependencies": {
          "System.Buffers": "4.4.0",
          "System.Numerics.Vectors": "4.4.0",
          "System.Runtime.CompilerServices.Unsafe": "4.4.0"
        }
      },
      "LibKTX": {
        "type": "Transitive",
        "resolved": "0.9.2",
        "contentHash": "Koost9wf/iKsgIgqonMsHFV62HpOR4bUBy77YlYer8EtQm67/ZsSxU/dHAEJhkBVvlsTeBRCotsrQLWn8sehig=="
      },
      "Microsoft.Build.Tasks.Git": {
        "type": "Transitive",
        "resolved": "8.0.0",
        "contentHash": "bZKfSIKJRXLTuSzLudMFte/8CempWjVamNUR5eHJizsy+iuOuO/k2gnh7W0dHJmYY0tBf+gUErfluCv5mySAOQ=="
      },
      "Microsoft.Extensions.FileSystemGlobbing": {
        "type": "Transitive",
        "resolved": "8.0.0",
        "contentHash": "OK+670i7esqlQrPjdIKRbsyMCe9g5kSLpRRQGSr4Q58AOYEe/hCnfLZprh7viNisSUUQZmMrbbuDaIrP+V1ebQ=="
      },
      "Microsoft.NETCore.App": {
        "type": "Transitive",
        "resolved": "2.1.30",
        "contentHash": "Hs73dGereVEUeE0f9nGgNrTgESyhm/41pQ3gIW7P/Bwv8yBJwsw8T0Yb40uessXNU6HcfZstudf70+yaHHK/sw==",
        "dependencies": {
          "Microsoft.NETCore.DotNetHostPolicy": "2.1.30",
          "Microsoft.NETCore.Platforms": "2.1.14",
          "Microsoft.NETCore.Targets": "2.0.0",
          "NETStandard.Library": "2.0.3"
        }
      },
      "Microsoft.NETCore.DotNetAppHost": {
        "type": "Transitive",
        "resolved": "2.1.30",
        "contentHash": "rbRBSaCEWZfVMVum2OulEELLjFWmiLmJIxeuODOUPgMuDXses4OOc/iQUf8qzNpWCRVGlYXQ0eV1m4Ic1RfVCA=="
      },
      "Microsoft.NETCore.DotNetHostPolicy": {
        "type": "Transitive",
        "resolved": "2.1.30",
        "contentHash": "0NCIUV9mlKQeIKnX6UzVvPAFFlqJKxLXmrk3/X7sMSNuX/9JpxleICmkTsHGdDQSoLiUz087pN6UvQinu3btzA==",
        "dependencies": {
          "Microsoft.NETCore.DotNetHostResolver": "2.1.30"
        }
      },
      "Microsoft.NETCore.DotNetHostResolver": {
        "type": "Transitive",
        "resolved": "2.1.30",
        "contentHash": "4kf9/unrbokd9+gsM6pU/eoHfz9yhGXU2pTSDWLQzhYHfOZuBjT0Ky+GVQzy4AOkxX5hw+lVLYsDXpFgCCZroQ==",
        "dependencies": {
          "Microsoft.NETCore.DotNetAppHost": "2.1.30"
        }
      },
      "Microsoft.NETCore.Platforms": {
        "type": "Transitive",
        "resolved": "2.1.14",
        "contentHash": "NIgzPaYG5IW3uX6trg+no4Z9oOaoeIR4QlvPeiA3P+dgozN/cS1XwyTnIrZmiGZ9GrvcD2ad01O4UiED6hogpw=="
      },
      "Microsoft.NETCore.Targets": {
        "type": "Transitive",
        "resolved": "2.0.0",
        "contentHash": "odP/tJj1z6GylFpNo7pMtbd/xQgTC3Ex2If63dRTL38bBNMwsBnJ+RceUIyHdRBC0oik/3NehYT+oECwBhIM3Q=="
      },
      "Microsoft.SourceLink.Common": {
        "type": "Transitive",
        "resolved": "8.0.0",
        "contentHash": "dk9JPxTCIevS75HyEQ0E4OVAFhB2N+V9ShCXf8Q6FkUQZDkgLI12y679Nym1YqsiSysuQskT7Z+6nUf3yab6Vw=="
      },
      "Microsoft.Toolkit.HighPerformance": {
        "type": "Transitive",
        "resolved": "7.0.2",
        "contentHash": "tG6v0AhDw/yJMtiH/tI4F6I/+sNIfu4++6WFfN73FyNcPh31et33w45wo8Lx1sfxcfLtkYk+w2fvU/MubYg4VQ=="
      },
      "MonoGame.Extended": {
        "type": "Transitive",
        "resolved": "4.1.0",
        "contentHash": "ES6VVjdoFAkCYzrkfAJ1Mfc0neMSqBhbgzyf3fM/sl9AvPTa8MMx1/YuqIEhEb5MeDTauQRkFNWWfA4XgMUCaw=="
      },
      "MonoGame.Library.FreeImage": {
        "type": "Transitive",
        "resolved": "3.18.0.3",
        "contentHash": "j9yrJb/3Ya0yqFvfjko+Qj3QCdC/Q7M6F/nseGHvAtdt4fsrbMhck665nIvseC+RNEmImhrNnDDvgnDA1Lyryg=="
      },
      "MonoGame.Library.FreeType": {
        "type": "Transitive",
        "resolved": "2.13.2.2",
        "contentHash": "EdsNeJHA1l5BTPHLulezJpNLlTI+ZRmsIJZCRyw8cAi0jzoy8rah6O19brAW3tKRmNCQY9KkP4vuOh5LNc/zqw=="
      },
      "MonoGame.Library.OpenAL": {
        "type": "Transitive",
        "resolved": "1.23.1.10",
        "contentHash": "4/F4FFyt7OYhtEmgi/Qmv01eC6GfQ9dkIPsymgkwJ/tV7PewmWrHg/LvTKjd6R+5j/tlO8JkjsEb0Aje6bxfxw=="
      },
      "MonoGame.Library.SDL": {
        "type": "Transitive",
        "resolved": "2.32.2.1",
        "contentHash": "T4E2ppGlSTC2L9US1rxtdg3qTbarRzNId31xZoumUW9cf9Nq8nRQPMu9GzvZGrhfSySf0+UWPEj1rlicps+P/w=="
      },
      "MonoGame.Tool.Basisu": {
        "type": "Transitive",
        "resolved": "1.60.0.2",
        "contentHash": "9C2TGOL0rrsaEz+cd9Wt/VyGFir/vodxU/7YM5DIqeDE57ZYMIzpFSG5jNvqmT+U0XdHpnsVz/cMEqaPUTf+wg=="
      },
      "MonoGame.Tool.Crunch": {
        "type": "Transitive",
        "resolved": "1.0.4.4",
        "contentHash": "5ge1Om/1WbXKR6kEjH71lywJyiZ+X3waonF1iGjKNnmMEFUPRMVVzM2byCXbQVFPsKqajYdDPNhdhnApSANP6w=="
      },
      "MonoGame.Tool.FFmpeg": {
        "type": "Transitive",
        "resolved": "7.0.0.8",
        "contentHash": "HcOAT/hKaedXROaf8nv/2/BcFFJuAIu9AOo3Lm9vwF4zQ4OLjq6bh9wdWhg7KKBvyhQ5VjnFAoDs84usjtj7yw=="
      },
      "MonoGame.Tool.FFprobe": {
        "type": "Transitive",
        "resolved": "7.0.0.8",
        "contentHash": "UUVVquvgx/Npgq4EyJMaT60LUQvgIqWvv/+tqYM9gF8Npf0Ub+96Z9mqE6M1mAyN91NQum9M8S6i8u82CGNpkw=="
      },
      "NETStandard.Library": {
        "type": "Transitive",
        "resolved": "2.0.3",
        "contentHash": "st47PosZSHrjECdjeIzZQbzivYBJFv6P2nv4cj2ypdI204DO+vZ7l5raGMiX4eXMJ53RfOIg+/s4DHVZ54Nu2A==",
        "dependencies": {
          "Microsoft.NETCore.Platforms": "1.1.0"
        }
      },
      "NVorbis": {
        "type": "Transitive",
        "resolved": "0.10.4",
        "contentHash": "WYnil3DhQHzjCY0dM9I2B3r1vWip90AOuQd25KE4NrjPQBg0tBJFluRLm5YPnO5ZLDmwrfosY8jCQGQRmWI/Pg==",
        "dependencies": {
          "System.Memory": "4.5.3",
          "System.ValueTuple": "4.5.0"
        }
      },
      "SharpDX": {
        "type": "Transitive",
        "resolved": "4.0.1",
        "contentHash": "8YA1VFg1/K8Emb8FEZDobojcv1BLuppVo7CRJQEgA1V748VIMPBru0i0OnsCjLSThzTn7juOvH85qjFL9Grl1w==",
        "dependencies": {
          "Microsoft.NETCore.App": "1.0.5"
        }
      },
      "SharpDX.D3DCompiler": {
        "type": "Transitive",
        "resolved": "4.0.1",
        "contentHash": "D3OzwToJ8j8dDOeJxUGUxJFwSnTQ89jJejSQkhuIsaBGh8Wd8DhQzmcsKzQaoLnzLBECS1Y37y9bGQaw3CnhxA==",
        "dependencies": {
          "Microsoft.NETCore.App": "1.0.5",
          "SharpDX": "4.0.1"
        }
      },
      "StbImageSharp": {
        "type": "Transitive",
        "resolved": "2.22.4",
        "contentHash": "0dOXIj3OM8oGxtfqZHZdLJRnV7FjP4VToeCprpyVXbWpct6DplgWq6YKVFA5hAYVs8hzvGekA97Qg8C3exeVYg=="
      },
      "StbTrueTypeSharp": {
        "type": "Transitive",
        "resolved": "1.24.7",
        "contentHash": "4hmKw+Fq22Fs8GI8o1U7SUGw7iNTYVNc476o/rxmDVgIsQgQX0nNvlG1hUEhvC0ouNmoJq32yclQko+n67bc7A=="
      },
      "System.Buffers": {
        "type": "Transitive",
        "resolved": "4.4.0",
        "contentHash": "AwarXzzoDwX6BgrhjoJsk6tUezZEozOT5Y9QKF94Gl4JK91I4PIIBkBco9068Y9/Dra8Dkbie99kXB8+1BaYKw=="
      },
      "System.Memory": {
        "type": "Transitive",
        "resolved": "4.5.3",
        "contentHash": "3oDzvc/zzetpTKWMShs1AADwZjQ/36HnsufHRPcOjyRAAMLDlu2iD33MBI2opxnezcVUtXyqDXXjoFMOU9c7SA=="
      },
      "System.Numerics.Vectors": {
        "type": "Transitive",
        "resolved": "4.4.0",
        "contentHash": "UiLzLW+Lw6HLed1Hcg+8jSRttrbuXv7DANVj0DkL9g6EnnzbL75EB7EWsw5uRbhxd/4YdG8li5XizGWepmG3PQ=="
      },
      "System.Runtime.CompilerServices.Unsafe": {
        "type": "Transitive",
        "resolved": "4.4.0",
        "contentHash": "9dLLuBxr5GNmOfl2jSMcsHuteEg32BEfUotmmUkmZjpR3RpVHE8YQwt0ow3p6prwA1ME8WqDVZqrr8z6H8G+Kw=="
      },
      "System.Text.Json": {
        "type": "Transitive",
        "resolved": "8.0.5",
        "contentHash": "0f1B50Ss7rqxXiaBJyzUu9bWFOO2/zSlifZ/UNMdiIpDYe4cY4LQQicP4nirK1OS31I43rn062UIJ1Q9bpmHpg=="
      },
      "System.ValueTuple": {
        "type": "Transitive",
        "resolved": "4.5.0",
        "contentHash": "okurQJO6NRE/apDIP23ajJ0hpiNmJ+f0BwOlB/cSqTLQlw5upkf+5+96+iG2Jw40G1fCVCyPz/FhIABUjMR+RQ=="
      },
      "monodreams.yarnspinner": {
        "type": "Project",
        "dependencies": {
          "CsvHelper": "[31.0.4, )",
          "MonoGame.Content.Builder.Task": "[3.8.4, )",
          "MonoGame.Extended": "[4.1.0, )",
          "MonoGame.Extended.Content.Pipeline": "[4.1.0, )",
          "MonoGame.Framework.Content.Pipeline": "[3.8.4, )",
          "YarnSpinner": "[3.0.2, )",
          "YarnSpinner.Compiler": "[3.0.2, )"
        }
      }
    }
  }
}