{
  "version": 1,
  "dependencies": {
    "net6.0": {
      "DefaultEcs": {
        "type": "Direct",
        "requested": "[0.17.2, )",
        "resolved": "0.17.2",
        "contentHash": "3It4x4eCRuJZ3jvMFJFuyL6a4N6+zT0QUopY60xQxikAtzFh7tZ0oDtw8VVT83H95LOJzWZud8lIMVUbtOA7kg=="
      },
      "MonoGame.Content.Builder.Task": {
        "type": "Direct",
        "requested": "[3.8.1.303, )",
        "resolved": "3.8.1.303",
        "contentHash": "9Ilzzje62LhWElbPNEl7vh7XsRSbze+lvCJdZtTZUGu48FRgvYN6THURwIB9PN98EI33/Wnf6iuShNUtD7hL4Q=="
      },
      "MonoGame.Framework.DesktopGL": {
        "type": "Direct",
        "requested": "[3.8.1.303, )",
        "resolved": "3.8.1.303",
        "contentHash": "eGYhqn0n1olk8MNYeE9EuBmoNNECN1T18rPMaQpkzsEQ0H3nVyFPXC+uCo78v5pi5juQpJ3PSFnSkjzZJ1U58A=="
      },
      "Newtonsoft.Json": {
        "type": "Direct",
        "requested": "[13.0.3, )",
        "resolved": "13.0.3",
        "contentHash": "HrC5BXdl00IP9zeV+0Z848QWPAoCr9P3bDEZguI+gkLcBKAOxix/tLEAAHC+UvDNPv4a2d18lOReHMOagPa+zQ=="
      },
      "SpriteFontPlus": {
        "type": "Direct",
        "requested": "[0.9.2, )",
        "resolved": "0.9.2",
        "contentHash": "k47yAu14Pd5tMP4Cs/c8HfBnjze0pqqoANwkyqlBT2EOJb2kVZUOeld9Gwus4v5kUDjPnxMoTnqD3tsHLPh/dA==",
        "dependencies": {
          "Cyotek.Drawing.BitmapFont": "2.0.1",
          "StbImageSharp": "2.22.4",
          "StbTrueTypeSharp": "1.24.7"
        }
      },
      "Cyotek.Drawing.BitmapFont": {
        "type": "Transitive",
        "resolved": "2.0.1",
        "contentHash": "8C8Vdvf8p6RIOBNFE99ZNPWFxwV/ZT1wk11cajuL3+6/e5DBGPHe+ZjxLu2efTWQ1YvfLh4KpP2epUZ9z/WcFQ=="
      },
      "StbImageSharp": {
        "type": "Transitive",
        "resolved": "2.22.4",
        "contentHash": "0dOXIj3OM8oGxtfqZHZdLJRnV7FjP4VToeCprpyVXbWpct6DplgWq6YKVFA5hAYVs8hzvGekA97Qg8C3exeVYg=="
      },
      "StbTrueTypeSharp": {
        "type": "Transitive",
        "resolved": "1.24.7",
        "contentHash": "4hmKw+Fq22Fs8GI8o1U7SUGw7iNTYVNc476o/rxmDVgIsQgQX0nNvlG1hUEhvC0ouNmoJq32yclQko+n67bc7A=="
      }
    }
  }
}